// !$*UTF8*$!
{
	archiveVersion = 1;
	classes = {
	};
	objectVersion = 55;
	objects = {

/* Begin PBXBuildFile section */
		C725B3F127AC178E008A462F /* AppDelegate.swift in Sources */ = {isa = PBXBuildFile; fileRef = C725B3F027AC178E008A462F /* AppDelegate.swift */; };
		C725B3F327AC178E008A462F /* SceneDelegate.swift in Sources */ = {isa = PBXBuildFile; fileRef = C725B3F227AC178E008A462F /* SceneDelegate.swift */; };
		C725B3F527AC178E008A462F /* ViewController.swift in Sources */ = {isa = PBXBuildFile; fileRef = C725B3F427AC178E008A462F /* ViewController.swift */; };
		C725B3F827AC178E008A462F /* Main.storyboard in Resources */ = {isa = PBXBuildFile; fileRef = C725B3F627AC178E008A462F /* Main.storyboard */; };
		C725B3FA27AC1790008A462F /* Assets.xcassets in Resources */ = {isa = PBXBuildFile; fileRef = C725B3F927AC1790008A462F /* Assets.xcassets */; };
		C725B3FD27AC1790008A462F /* LaunchScreen.storyboard in Resources */ = {isa = PBXBuildFile; fileRef = C725B3FB27AC1790008A462F /* LaunchScreen.storyboard */; };
		C725B40B27AC17D4008A462F /* Italy.png in Resources */ = {isa = PBXBuildFile; fileRef = C725B40527AC17D4008A462F /* Italy.png */; };
		C725B40C27AC17D4008A462F /* Germany.png in Resources */ = {isa = PBXBuildFile; fileRef = C725B40627AC17D4008A462F /* Germany.png */; };
		C725B40D27AC17D4008A462F /* Estonia.png in Resources */ = {isa = PBXBuildFile; fileRef = C725B40727AC17D4008A462F /* Estonia.png */; };
		C725B40E27AC17D4008A462F /* Ireland.png in Resources */ = {isa = PBXBuildFile; fileRef = C725B40827AC17D4008A462F /* Ireland.png */; };
		C725B40F27AC17D4008A462F /* Monaco.png in Resources */ = {isa = PBXBuildFile; fileRef = C725B40927AC17D4008A462F /* Monaco.png */; };
		C725B41027AC17D4008A462F /* France.png in Resources */ = {isa = PBXBuildFile; fileRef = C725B40A27AC17D4008A462F /* France.png */; };
/* End PBXBuildFile section */

/* Begin PBXFileReference section */
		C725B3ED27AC178E008A462F /* 01-MilestoneProject.app */ = {isa = PBXFileReference; explicitFileType = wrapper.application; includeInIndex = 0; path = "01-MilestoneProject.app"; sourceTree = BUILT_PRODUCTS_DIR; };
		C725B3F027AC178E008A462F /* AppDelegate.swift */ = {isa = PBXFileReference; lastKnownFileType = sourcecode.swift; path = AppDelegate.swift; sourceTree = "<group>"; };
		C725B3F227AC178E008A462F /* SceneDelegate.swift */ = {isa = PBXFileReference; lastKnownFileType = sourcecode.swift; path = SceneDelegate.swift; sourceTree = "<group>"; };
		C725B3F427AC178E008A462F /* ViewController.swift */ = {isa = PBXFileReference; lastKnownFileType = sourcecode.swift; path = ViewController.swift; sourceTree = "<group>"; };
		C725B3F727AC178E008A462F /* Base */ = {isa = PBXFileReference; lastKnownFileType = file.storyboard; name = Base; path = Base.lproj/Main.storyboard; sourceTree = "<group>"; };
		C725B3F927AC1790008A462F /* Assets.xcassets */ = {isa = PBXFileReference; lastKnownFileType = folder.assetcatalog; path = Assets.xcassets; sourceTree = "<group>"; };
		C725B3FC27AC1790008A462F /* Base */ = {isa = PBXFileReference; lastKnownFileType = file.storyboard; name = Base; path = Base.lproj/LaunchScreen.storyboard; sourceTree = "<group>"; };
		C725B3FE27AC1790008A462F /* Info.plist */ = {isa = PBXFileReference; lastKnownFileType = text.plist.xml; path = Info.plist; sourceTree = "<group>"; };
		C725B40527AC17D4008A462F /* Italy.png */ = {isa = PBXFileReference; lastKnownFileType = image.png; path = Italy.png; sourceTree = "<group>"; };
		C725B40627AC17D4008A462F /* Germany.png */ = {isa = PBXFileReference; lastKnownFileType = image.png; path = Germany.png; sourceTree = "<group>"; };
		C725B40727AC17D4008A462F /* Estonia.png */ = {isa = PBXFileReference; lastKnownFileType = image.png; path = Estonia.png; sourceTree = "<group>"; };
		C725B40827AC17D4008A462F /* Ireland.png */ = {isa = PBXFileReference; lastKnownFileType = image.png; path = Ireland.png; sourceTree = "<group>"; };
		C725B40927AC17D4008A462F /* Monaco.png */ = {isa = PBXFileReference; lastKnownFileType = image.png; path = Monaco.png; sourceTree = "<group>"; };
		C725B40A27AC17D4008A462F /* France.png */ = {isa = PBXFileReference; lastKnownFileType = image.png; path = France.png; sourceTree = "<group>"; };
/* End PBXFileReference section */

/* Begin PBXFrameworksBuildPhase section */
		C725B3EA27AC178E008A462F /* Frameworks */ = {
			isa = PBXFrameworksBuildPhase;
			buildActionMask = 2147483647;
			files = (
			);
			runOnlyForDeploymentPostprocessing = 0;
		};
/* End PBXFrameworksBuildPhase section */

/* Begin PBXGroup section */
		C725B3E427AC178E008A462F = {
			isa = PBXGroup;
			children = (
				C725B3EF27AC178E008A462F /* 01-MilestoneProject */,
				C725B3EE27AC178E008A462F /* Products */,
			);
			sourceTree = "<group>";
		};
		C725B3EE27AC178E008A462F /* Products */ = {
			isa = PBXGroup;
			children = (
				C725B3ED27AC178E008A462F /* 01-MilestoneProject.app */,
			);
			name = Products;
			sourceTree = "<group>";
		};
		C725B3EF27AC178E008A462F /* 01-MilestoneProject */ = {
			isa = PBXGroup;
			children = (
				C725B3F027AC178E008A462F /* AppDelegate.swift */,
				C725B3F227AC178E008A462F /* SceneDelegate.swift */,
				C725B3F427AC178E008A462F /* ViewController.swift */,
				C725B3F627AC178E008A462F /* Main.storyboard */,
				C725B3FB27AC1790008A462F /* LaunchScreen.storyboard */,
				C725B3F927AC1790008A462F /* Assets.xcassets */,
				C725B40427AC17BB008A462F /* Flags */,
				C725B3FE27AC1790008A462F /* Info.plist */,
			);
			path = "01-MilestoneProject";
			sourceTree = "<group>";
		};
		C725B40427AC17BB008A462F /* Flags */ = {
			isa = PBXGroup;
			children = (
				C725B40727AC17D4008A462F /* Estonia.png */,
				C725B40A27AC17D4008A462F /* France.png */,
				C725B40627AC17D4008A462F /* Germany.png */,
				C725B40827AC17D4008A462F /* Ireland.png */,
				C725B40527AC17D4008A462F /* Italy.png */,
				C725B40927AC17D4008A462F /* Monaco.png */,
			);
			path = Flags;
			sourceTree = "<group>";
		};
/* End PBXGroup section */

/* Begin PBXNativeTarget section */
		C725B3EC27AC178E008A462F /* 01-MilestoneProject */ = {
			isa = PBXNativeTarget;
			buildConfigurationList = C725B40127AC1790008A462F /* Build configuration list for PBXNativeTarget "01-MilestoneProject" */;
			buildPhases = (
				C725B3E927AC178E008A462F /* Sources */,
				C725B3EA27AC178E008A462F /* Frameworks */,
				C725B3EB27AC178E008A462F /* Resources */,
			);
			buildRules = (
			);
			dependencies = (
			);
			name = "01-MilestoneProject";
			productName = "01-MilestoneProject";
			productReference = C725B3ED27AC178E008A462F /* 01-MilestoneProject.app */;
			productType = "com.apple.product-type.application";
		};
/* End PBXNativeTarget section */

/* Begin PBXProject section */
		C725B3E527AC178E008A462F /* Project object */ = {
			isa = PBXProject;
			attributes = {
				BuildIndependentTargetsInParallel = 1;
				LastSwiftUpdateCheck = 1320;
				LastUpgradeCheck = 1320;
				TargetAttributes = {
					C725B3EC27AC178E008A462F = {
						CreatedOnToolsVersion = 13.2.1;
					};
				};
			};
			buildConfigurationList = C725B3E827AC178E008A462F /* Build configuration list for PBXProject "01-MilestoneProject" */;
			compatibilityVersion = "Xcode 13.0";
			developmentRegion = en;
			hasScannedForEncodings = 0;
			knownRegions = (
				en,
				Base,
			);
			mainGroup = C725B3E427AC178E008A462F;
			productRefGroup = C725B3EE27AC178E008A462F /* Products */;
			projectDirPath = "";
			projectRoot = "";
			targets = (
				C725B3EC27AC178E008A462F /* 01-MilestoneProject */,
			);
		};
/* End PBXProject section */

/* Begin PBXResourcesBuildPhase section */
		C725B3EB27AC178E008A462F /* Resources */ = {
			isa = PBXResourcesBuildPhase;
			buildActionMask = 2147483647;
			files = (
				C725B40E27AC17D4008A462F /* Ireland.png in Resources */,
				C725B41027AC17D4008A462F /* France.png in Resources */,
				C725B3FD27AC1790008A462F /* LaunchScreen.storyboard in Resources */,
				C725B40F27AC17D4008A462F /* Monaco.png in Resources */,
				C725B40D27AC17D4008A462F /* Estonia.png in Resources */,
				C725B3FA27AC1790008A462F /* Assets.xcassets in Resources */,
				C725B3F827AC178E008A462F /* Main.storyboard in Resources */,
				C725B40B27AC17D4008A462F /* Italy.png in Resources */,
				C725B40C27AC17D4008A462F /* Germany.png in Resources */,
			);
			runOnlyForDeploymentPostprocessing = 0;
		};
/* End PBXResourcesBuildPhase section */

/* Begin PBXSourcesBuildPhase section */
		C725B3E927AC178E008A462F /* Sources */ = {
			isa = PBXSourcesBuildPhase;
			buildActionMask = 2147483647;
			files = (
				C725B3F527AC178E008A462F /* ViewController.swift in Sources */,
				C725B3F127AC178E008A462F /* AppDelegate.swift in Sources */,
				C725B3F327AC178E008A462F /* SceneDelegate.swift in Sources */,
			);
			runOnlyForDeploymentPostprocessing = 0;
		};
/* End PBXSourcesBuildPhase section */

/* Begin PBXVariantGroup section */
		C725B3F627AC178E008A462F /* Main.storyboard */ = {
			isa = PBXVariantGroup;
			children = (
				C725B3F727AC178E008A462F /* Base */,
			);
			name = Main.storyboard;
			sourceTree = "<group>";
		};
		C725B3FB27AC1790008A462F /* LaunchScreen.storyboard */ = {
			isa = PBXVariantGroup;
			children = (
				C725B3FC27AC1790008A462F /* Base */,
			);
			name = LaunchScreen.storyboard;
			sourceTree = "<group>";
		};
/* End PBXVariantGroup section */

/* Begin XCBuildConfiguration section */
		C725B3FF27AC1790008A462F /* Debug */ = {
			isa = XCBuildConfiguration;
			buildSettings = {
				ALWAYS_SEARCH_USER_PATHS = NO;
				CLANG_ANALYZER_NONNULL = YES;
				CLANG_ANALYZER_NUMBER_OBJECT_CONVERSION = YES_AGGRESSIVE;
				CLANG_CXX_LANGUAGE_STANDARD = "gnu++17";
				CLANG_CXX_LIBRARY = "libc++";
				CLANG_ENABLE_MODULES = YES;
				CLANG_ENABLE_OBJC_ARC = YES;
				CLANG_ENABLE_OBJC_WEAK = YES;
				CLANG_WARN_BLOCK_CAPTURE_AUTORELEASING = YES;
				CLANG_WARN_BOOL_CONVERSION = YES;
				CLANG_WARN_COMMA = YES;
				CLANG_WARN_CONSTANT_CONVERSION = YES;
				CLANG_WARN_DEPRECATED_OBJC_IMPLEMENTATIONS = YES;
				CLANG_WARN_DIRECT_OBJC_ISA_USAGE = YES_ERROR;
				CLANG_WARN_DOCUMENTATION_COMMENTS = YES;
				CLANG_WARN_EMPTY_BODY = YES;
				CLANG_WARN_ENUM_CONVERSION = YES;
				CLANG_WARN_INFINITE_RECURSION = YES;
				CLANG_WARN_INT_CONVERSION = YES;
				CLANG_WARN_NON_LITERAL_NULL_CONVERSION = YES;
				CLANG_WARN_OBJC_IMPLICIT_RETAIN_SELF = YES;
				CLANG_WARN_OBJC_LITERAL_CONVERSION = YES;
				CLANG_WARN_OBJC_ROOT_CLASS = YES_ERROR;
				CLANG_WARN_QUOTED_INCLUDE_IN_FRAMEWORK_HEADER = YES;
				CLANG_WARN_RANGE_LOOP_ANALYSIS = YES;
				CLANG_WARN_STRICT_PROTOTYPES = YES;
				CLANG_WARN_SUSPICIOUS_MOVE = YES;
				CLANG_WARN_UNGUARDED_AVAILABILITY = YES_AGGRESSIVE;
				CLANG_WARN_UNREACHABLE_CODE = YES;
				CLANG_WARN__DUPLICATE_METHOD_MATCH = YES;
				COPY_PHASE_STRIP = NO;
				DEBUG_INFORMATION_FORMAT = dwarf;
				ENABLE_STRICT_OBJC_MSGSEND = YES;
				ENABLE_TESTABILITY = YES;
				GCC_C_LANGUAGE_STANDARD = gnu11;
				GCC_DYNAMIC_NO_PIC = NO;
				GCC_NO_COMMON_BLOCKS = YES;
				GCC_OPTIMIZATION_LEVEL = 0;
				GCC_PREPROCESSOR_DEFINITIONS = (
					"DEBUG=1",
					"$(inherited)",
				);
				GCC_WARN_64_TO_32_BIT_CONVERSION = YES;
				GCC_WARN_ABOUT_RETURN_TYPE = YES_ERROR;
				GCC_WARN_UNDECLARED_SELECTOR = YES;
				GCC_WARN_UNINITIALIZED_AUTOS = YES_AGGRESSIVE;
				GCC_WARN_UNUSED_FUNCTION = YES;
				GCC_WARN_UNUSED_VARIABLE = YES;
				IPHONEOS_DEPLOYMENT_TARGET = 15.2;
				MTL_ENABLE_DEBUG_INFO = INCLUDE_SOURCE;
				MTL_FAST_MATH = YES;
				ONLY_ACTIVE_ARCH = YES;
				SDKROOT = iphoneos;
				SWIFT_ACTIVE_COMPILATION_CONDITIONS = DEBUG;
				SWIFT_OPTIMIZATION_LEVEL = "-Onone";
			};
			name = Debug;
		};
		C725B40027AC1790008A462F /* Release */ = {
			isa = XCBuildConfiguration;
			buildSettings = {
				ALWAYS_SEARCH_USER_PATHS = NO;
				CLANG_ANALYZER_NONNULL = YES;
				CLANG_ANALYZER_NUMBER_OBJECT_CONVERSION = YES_AGGRESSIVE;
				CLANG_CXX_LANGUAGE_STANDARD = "gnu++17";
				CLANG_CXX_LIBRARY = "libc++";
				CLANG_ENABLE_MODULES = YES;
				CLANG_ENABLE_OBJC_ARC = YES;
				CLANG_ENABLE_OBJC_WEAK = YES;
				CLANG_WARN_BLOCK_CAPTURE_AUTORELEASING = YES;
				CLANG_WARN_BOOL_CONVERSION = YES;
				CLANG_WARN_COMMA = YES;
				CLANG_WARN_CONSTANT_CONVERSION = YES;
				CLANG_WARN_DEPRECATED_OBJC_IMPLEMENTATIONS = YES;
				CLANG_WARN_DIRECT_OBJC_ISA_USAGE = YES_ERROR;
				CLANG_WARN_DOCUMENTATION_COMMENTS = YES;
				CLANG_WARN_EMPTY_BODY = YES;
				CLANG_WARN_ENUM_CONVERSION = YES;
				CLANG_WARN_INFINITE_RECURSION = YES;
				CLANG_WARN_INT_CONVERSION = YES;
				CLANG_WARN_NON_LITERAL_NULL_CONVERSION = YES;
				CLANG_WARN_OBJC_IMPLICIT_RETAIN_SELF = YES;
				CLANG_WARN_OBJC_LITERAL_CONVERSION = YES;
				CLANG_WARN_OBJC_ROOT_CLASS = YES_ERROR;
				CLANG_WARN_QUOTED_INCLUDE_IN_FRAMEWORK_HEADER = YES;
				CLANG_WARN_RANGE_LOOP_ANALYSIS = YES;
				CLANG_WARN_STRICT_PROTOTYPES = YES;
				CLANG_WARN_SUSPICIOUS_MOVE = YES;
				CLANG_WARN_UNGUARDED_AVAILABILITY = YES_AGGRESSIVE;
				CLANG_WARN_UNREACHABLE_CODE = YES;
				CLANG_WARN__DUPLICATE_METHOD_MATCH = YES;
				COPY_PHASE_STRIP = NO;
				DEBUG_INFORMATION_FORMAT = "dwarf-with-dsym";
				ENABLE_NS_ASSERTIONS = NO;
				ENABLE_STRICT_OBJC_MSGSEND = YES;
				GCC_C_LANGUAGE_STANDARD = gnu11;
				GCC_NO_COMMON_BLOCKS = YES;
				GCC_WARN_64_TO_32_BIT_CONVERSION = YES;
				GCC_WARN_ABOUT_RETURN_TYPE = YES_ERROR;
				GCC_WARN_UNDECLARED_SELECTOR = YES;
				GCC_WARN_UNINITIALIZED_AUTOS = YES_AGGRESSIVE;
				GCC_WARN_UNUSED_FUNCTION = YES;
				GCC_WARN_UNUSED_VARIABLE = YES;
				IPHONEOS_DEPLOYMENT_TARGET = 15.2;
				MTL_ENABLE_DEBUG_INFO = NO;
				MTL_FAST_MATH = YES;
				SDKROOT = iphoneos;
				SWIFT_COMPILATION_MODE = wholemodule;
				SWIFT_OPTIMIZATION_LEVEL = "-O";
				VALIDATE_PRODUCT = YES;
			};
			name = Release;
		};
		C725B40227AC1790008A462F /* Debug */ = {
			isa = XCBuildConfiguration;
			buildSettings = {
				ASSETCATALOG_COMPILER_APPICON_NAME = AppIcon;
				ASSETCATALOG_COMPILER_GLOBAL_ACCENT_COLOR_NAME = AccentColor;
				CODE_SIGN_STYLE = Automatic;
				CURRENT_PROJECT_VERSION = 1;
				GENERATE_INFOPLIST_FILE = YES;
				INFOPLIST_FILE = "01-MilestoneProject/Info.plist";
				INFOPLIST_KEY_UIApplicationSupportsIndirectInputEvents = YES;
				INFOPLIST_KEY_UILaunchStoryboardName = LaunchScreen;
				INFOPLIST_KEY_UIMainStoryboardFile = Main;
				INFOPLIST_KEY_UISupportedInterfaceOrientations_iPad = "UIInterfaceOrientationPortrait UIInterfaceOrientationPortraitUpsideDown UIInterfaceOrientationLandscapeLeft UIInterfaceOrientationLandscapeRight";
				INFOPLIST_KEY_UISupportedInterfaceOrientations_iPhone = "UIInterfaceOrientationPortrait UIInterfaceOrientationLandscapeLeft UIInterfaceOrientationLandscapeRight";
				LD_RUNPATH_SEARCH_PATHS = (
					"$(inherited)",
					"@executable_path/Frameworks",
				);
				MARKETING_VERSION = 1.0;
				PRODUCT_BUNDLE_IDENTIFIER = "com.isifip.-1-MilestoneProject";
				PRODUCT_NAME = "$(TARGET_NAME)";
				SWIFT_EMIT_LOC_STRINGS = YES;
				SWIFT_VERSION = 5.0;
				TARGETED_DEVICE_FAMILY = "1,2";
			};
			name = Debug;
		};
		C725B40327AC1790008A462F /* Release */ = {
			isa = XCBuildConfiguration;
			buildSettings = {
				ASSETCATALOG_COMPILER_APPICON_NAME = AppIcon;
				ASSETCATALOG_COMPILER_GLOBAL_ACCENT_COLOR_NAME = AccentColor;
				CODE_SIGN_STYLE = Automatic;
				CURRENT_PROJECT_VERSION = 1;
				GENERATE_INFOPLIST_FILE = YES;
				INFOPLIST_FILE = "01-MilestoneProject/Info.plist";
				INFOPLIST_KEY_UIApplicationSupportsIndirectInputEvents = YES;
				INFOPLIST_KEY_UILaunchStoryboardName = LaunchScreen;
				INFOPLIST_KEY_UIMainStoryboardFile = Main;
				INFOPLIST_KEY_UISupportedInterfaceOrientations_iPad = "UIInterfaceOrientationPortrait UIInterfaceOrientationPortraitUpsideDown UIInterfaceOrientationLandscapeLeft UIInterfaceOrientationLandscapeRight";
				INFOPLIST_KEY_UISupportedInterfaceOrientations_iPhone = "UIInterfaceOrientationPortrait UIInterfaceOrientationLandscapeLeft UIInterfaceOrientationLandscapeRight";
				LD_RUNPATH_SEARCH_PATHS = (
					"$(inherited)",
					"@executable_path/Frameworks",
				);
				MARKETING_VERSION = 1.0;
				PRODUCT_BUNDLE_IDENTIFIER = "com.isifip.-1-MilestoneProject";
				PRODUCT_NAME = "$(TARGET_NAME)";
				SWIFT_EMIT_LOC_STRINGS = YES;
				SWIFT_VERSION = 5.0;
				TARGETED_DEVICE_FAMILY = "1,2";
			};
			name = Release;
		};
/* End XCBuildConfiguration section */

/* Begin XCConfigurationList section */
		C725B3E827AC178E008A462F /* Build configuration list for PBXProject "01-MilestoneProject" */ = {
			isa = XCConfigurationList;
			buildConfigurations = (
				C725B3FF27AC1790008A462F /* Debug */,
				C725B40027AC1790008A462F /* Release */,
			);
			defaultConfigurationIsVisible = 0;
			defaultConfigurationName = Release;
		};
		C725B40127AC1790008A462F /* Build configuration list for PBXNativeTarget "01-MilestoneProject" */ = {
			isa = XCConfigurationList;
			buildConfigurations = (
				C725B40227AC1790008A462F /* Debug */,
				C725B40327AC1790008A462F /* Release */,
			);
			defaultConfigurationIsVisible = 0;
			defaultConfigurationName = Release;
		};
/* End XCConfigurationList section */
	};
	rootObject = C725B3E527AC178E008A462F /* Project object */;
}
