// !$*UTF8*$!
{
	archiveVersion = 1;
	classes = {
	};
	objectVersion = 55;
	objects = {

/* Begin PBXBuildFile section */
		C79E4B4027B7A0A800AF44BA /* AppDelegate.swift in Sources */ = {isa = PBXBuildFile; fileRef = C79E4B3F27B7A0A800AF44BA /* AppDelegate.swift */; };
		C79E4B4227B7A0A800AF44BA /* SceneDelegate.swift in Sources */ = {isa = PBXBuildFile; fileRef = C79E4B4127B7A0A800AF44BA /* SceneDelegate.swift */; };
		C79E4B4427B7A0A800AF44BA /* ViewController.swift in Sources */ = {isa = PBXBuildFile; fileRef = C79E4B4327B7A0A800AF44BA /* ViewController.swift */; };
		C79E4B4727B7A0A800AF44BA /* Main.storyboard in Resources */ = {isa = PBXBuildFile; fileRef = C79E4B4527B7A0A800AF44BA /* Main.storyboard */; };
		C79E4B4927B7A0A900AF44BA /* Assets.xcassets in Resources */ = {isa = PBXBuildFile; fileRef = C79E4B4827B7A0A900AF44BA /* Assets.xcassets */; };
		C79E4B4C27B7A0A900AF44BA /* LaunchScreen.storyboard in Resources */ = {isa = PBXBuildFile; fileRef = C79E4B4A27B7A0A900AF44BA /* LaunchScreen.storyboard */; };
		C79E4B6127B7A61200AF44BA /* Countries.json in Resources */ = {isa = PBXBuildFile; fileRef = C79E4B6027B7A61200AF44BA /* Countries.json */; };
		C79E4B6427B7A86000AF44BA /* Country.swift in Sources */ = {isa = PBXBuildFile; fileRef = C79E4B6327B7A86000AF44BA /* Country.swift */; };
		C79E4B6627B7BBD800AF44BA /* DetailViewController.swift in Sources */ = {isa = PBXBuildFile; fileRef = C79E4B6527B7BBD800AF44BA /* DetailViewController.swift */; };
/* End PBXBuildFile section */

/* Begin PBXFileReference section */
		C79E4B3C27B7A0A800AF44BA /* 04-MilestoneProject.app */ = {isa = PBXFileReference; explicitFileType = wrapper.application; includeInIndex = 0; path = "04-MilestoneProject.app"; sourceTree = BUILT_PRODUCTS_DIR; };
		C79E4B3F27B7A0A800AF44BA /* AppDelegate.swift */ = {isa = PBXFileReference; lastKnownFileType = sourcecode.swift; path = AppDelegate.swift; sourceTree = "<group>"; };
		C79E4B4127B7A0A800AF44BA /* SceneDelegate.swift */ = {isa = PBXFileReference; lastKnownFileType = sourcecode.swift; path = SceneDelegate.swift; sourceTree = "<group>"; };
		C79E4B4327B7A0A800AF44BA /* ViewController.swift */ = {isa = PBXFileReference; lastKnownFileType = sourcecode.swift; path = ViewController.swift; sourceTree = "<group>"; };
		C79E4B4627B7A0A800AF44BA /* Base */ = {isa = PBXFileReference; lastKnownFileType = file.storyboard; name = Base; path = Base.lproj/Main.storyboard; sourceTree = "<group>"; };
		C79E4B4827B7A0A900AF44BA /* Assets.xcassets */ = {isa = PBXFileReference; lastKnownFileType = folder.assetcatalog; path = Assets.xcassets; sourceTree = "<group>"; };
		C79E4B4B27B7A0A900AF44BA /* Base */ = {isa = PBXFileReference; lastKnownFileType = file.storyboard; name = Base; path = Base.lproj/LaunchScreen.storyboard; sourceTree = "<group>"; };
		C79E4B4D27B7A0A900AF44BA /* Info.plist */ = {isa = PBXFileReference; lastKnownFileType = text.plist.xml; path = Info.plist; sourceTree = "<group>"; };
		C79E4B6027B7A61200AF44BA /* Countries.json */ = {isa = PBXFileReference; lastKnownFileType = text.json; path = Countries.json; sourceTree = "<group>"; };
		C79E4B6327B7A86000AF44BA /* Country.swift */ = {isa = PBXFileReference; lastKnownFileType = sourcecode.swift; path = Country.swift; sourceTree = "<group>"; };
		C79E4B6527B7BBD800AF44BA /* DetailViewController.swift */ = {isa = PBXFileReference; lastKnownFileType = sourcecode.swift; path = DetailViewController.swift; sourceTree = "<group>"; };
/* End PBXFileReference section */

/* Begin PBXFrameworksBuildPhase section */
		C79E4B3927B7A0A800AF44BA /* Frameworks */ = {
			isa = PBXFrameworksBuildPhase;
			buildActionMask = 2147483647;
			files = (
			);
			runOnlyForDeploymentPostprocessing = 0;
		};
/* End PBXFrameworksBuildPhase section */

/* Begin PBXGroup section */
		C79E4B3327B7A0A800AF44BA = {
			isa = PBXGroup;
			children = (
				C79E4B3E27B7A0A800AF44BA /* 04-MilestoneProject */,
				C79E4B3D27B7A0A800AF44BA /* Products */,
			);
			sourceTree = "<group>";
		};
		C79E4B3D27B7A0A800AF44BA /* Products */ = {
			isa = PBXGroup;
			children = (
				C79E4B3C27B7A0A800AF44BA /* 04-MilestoneProject.app */,
			);
			name = Products;
			sourceTree = "<group>";
		};
		C79E4B3E27B7A0A800AF44BA /* 04-MilestoneProject */ = {
			isa = PBXGroup;
			children = (
				C79E4B3F27B7A0A800AF44BA /* AppDelegate.swift */,
				C79E4B4127B7A0A800AF44BA /* SceneDelegate.swift */,
				C79E4B5427B7A0C100AF44BA /* Controllers */,
				C79E4B5327B7A0BB00AF44BA /* StoryBoards */,
				C79E4B6227B7A84D00AF44BA /* Models */,
				C79E4B5E27B7A5F900AF44BA /* Data */,
				C79E4B4827B7A0A900AF44BA /* Assets.xcassets */,
				C79E4B4D27B7A0A900AF44BA /* Info.plist */,
			);
			path = "04-MilestoneProject";
			sourceTree = "<group>";
		};
		C79E4B5327B7A0BB00AF44BA /* StoryBoards */ = {
			isa = PBXGroup;
			children = (
				C79E4B4527B7A0A800AF44BA /* Main.storyboard */,
				C79E4B4A27B7A0A900AF44BA /* LaunchScreen.storyboard */,
			);
			path = StoryBoards;
			sourceTree = "<group>";
		};
		C79E4B5427B7A0C100AF44BA /* Controllers */ = {
			isa = PBXGroup;
			children = (
				C79E4B4327B7A0A800AF44BA /* ViewController.swift */,
				C79E4B6527B7BBD800AF44BA /* DetailViewController.swift */,
			);
			path = Controllers;
			sourceTree = "<group>";
		};
		C79E4B5E27B7A5F900AF44BA /* Data */ = {
			isa = PBXGroup;
			children = (
				C79E4B6027B7A61200AF44BA /* Countries.json */,
			);
			path = Data;
			sourceTree = "<group>";
		};
		C79E4B6227B7A84D00AF44BA /* Models */ = {
			isa = PBXGroup;
			children = (
				C79E4B6327B7A86000AF44BA /* Country.swift */,
			);
			path = Models;
			sourceTree = "<group>";
		};
/* End PBXGroup section */

/* Begin PBXNativeTarget section */
		C79E4B3B27B7A0A800AF44BA /* 04-MilestoneProject */ = {
			isa = PBXNativeTarget;
			buildConfigurationList = C79E4B5027B7A0A900AF44BA /* Build configuration list for PBXNativeTarget "04-MilestoneProject" */;
			buildPhases = (
				C79E4B3827B7A0A800AF44BA /* Sources */,
				C79E4B3927B7A0A800AF44BA /* Frameworks */,
				C79E4B3A27B7A0A800AF44BA /* Resources */,
			);
			buildRules = (
			);
			dependencies = (
			);
			name = "04-MilestoneProject";
			productName = "04-MilestoneProject";
			productReference = C79E4B3C27B7A0A800AF44BA /* 04-MilestoneProject.app */;
			productType = "com.apple.product-type.application";
		};
/* End PBXNativeTarget section */

/* Begin PBXProject section */
		C79E4B3427B7A0A800AF44BA /* Project object */ = {
			isa = PBXProject;
			attributes = {
				BuildIndependentTargetsInParallel = 1;
				LastSwiftUpdateCheck = 1320;
				LastUpgradeCheck = 1320;
				TargetAttributes = {
					C79E4B3B27B7A0A800AF44BA = {
						CreatedOnToolsVersion = 13.2.1;
					};
				};
			};
			buildConfigurationList = C79E4B3727B7A0A800AF44BA /* Build configuration list for PBXProject "04-MilestoneProject" */;
			compatibilityVersion = "Xcode 13.0";
			developmentRegion = en;
			hasScannedForEncodings = 0;
			knownRegions = (
				en,
				Base,
			);
			mainGroup = C79E4B3327B7A0A800AF44BA;
			productRefGroup = C79E4B3D27B7A0A800AF44BA /* Products */;
			projectDirPath = "";
			projectRoot = "";
			targets = (
				C79E4B3B27B7A0A800AF44BA /* 04-MilestoneProject */,
			);
		};
/* End PBXProject section */

/* Begin PBXResourcesBuildPhase section */
		C79E4B3A27B7A0A800AF44BA /* Resources */ = {
			isa = PBXResourcesBuildPhase;
			buildActionMask = 2147483647;
			files = (
				C79E4B4C27B7A0A900AF44BA /* LaunchScreen.storyboard in Resources */,
				C79E4B4927B7A0A900AF44BA /* Assets.xcassets in Resources */,
				C79E4B6127B7A61200AF44BA /* Countries.json in Resources */,
				C79E4B4727B7A0A800AF44BA /* Main.storyboard in Resources */,
			);
			runOnlyForDeploymentPostprocessing = 0;
		};
/* End PBXResourcesBuildPhase section */

/* Begin PBXSourcesBuildPhase section */
		C79E4B3827B7A0A800AF44BA /* Sources */ = {
			isa = PBXSourcesBuildPhase;
			buildActionMask = 2147483647;
			files = (
				C79E4B6427B7A86000AF44BA /* Country.swift in Sources */,
				C79E4B4427B7A0A800AF44BA /* ViewController.swift in Sources */,
				C79E4B6627B7BBD800AF44BA /* DetailViewController.swift in Sources */,
				C79E4B4027B7A0A800AF44BA /* AppDelegate.swift in Sources */,
				C79E4B4227B7A0A800AF44BA /* SceneDelegate.swift in Sources */,
			);
			runOnlyForDeploymentPostprocessing = 0;
		};
/* End PBXSourcesBuildPhase section */

/* Begin PBXVariantGroup section */
		C79E4B4527B7A0A800AF44BA /* Main.storyboard */ = {
			isa = PBXVariantGroup;
			children = (
				C79E4B4627B7A0A800AF44BA /* Base */,
			);
			name = Main.storyboard;
			sourceTree = "<group>";
		};
		C79E4B4A27B7A0A900AF44BA /* LaunchScreen.storyboard */ = {
			isa = PBXVariantGroup;
			children = (
				C79E4B4B27B7A0A900AF44BA /* Base */,
			);
			name = LaunchScreen.storyboard;
			sourceTree = "<group>";
		};
/* End PBXVariantGroup section */

/* Begin XCBuildConfiguration section */
		C79E4B4E27B7A0A900AF44BA /* Debug */ = {
			isa = XCBuildConfiguration;
			buildSettings = {
				ALWAYS_SEARCH_USER_PATHS = NO;
				CLANG_ANALYZER_NONNULL = YES;
				CLANG_ANALYZER_NUMBER_OBJECT_CONVERSION = YES_AGGRESSIVE;
				CLANG_CXX_LANGUAGE_STANDARD = "gnu++17";
				CLANG_CXX_LIBRARY = "libc++";
				CLANG_ENABLE_MODULES = YES;
				CLANG_ENABLE_OBJC_ARC = YES;
				CLANG_ENABLE_OBJC_WEAK = YES;
				CLANG_WARN_BLOCK_CAPTURE_AUTORELEASING = YES;
				CLANG_WARN_BOOL_CONVERSION = YES;
				CLANG_WARN_COMMA = YES;
				CLANG_WARN_CONSTANT_CONVERSION = YES;
				CLANG_WARN_DEPRECATED_OBJC_IMPLEMENTATIONS = YES;
				CLANG_WARN_DIRECT_OBJC_ISA_USAGE = YES_ERROR;
				CLANG_WARN_DOCUMENTATION_COMMENTS = YES;
				CLANG_WARN_EMPTY_BODY = YES;
				CLANG_WARN_ENUM_CONVERSION = YES;
				CLANG_WARN_INFINITE_RECURSION = YES;
				CLANG_WARN_INT_CONVERSION = YES;
				CLANG_WARN_NON_LITERAL_NULL_CONVERSION = YES;
				CLANG_WARN_OBJC_IMPLICIT_RETAIN_SELF = YES;
				CLANG_WARN_OBJC_LITERAL_CONVERSION = YES;
				CLANG_WARN_OBJC_ROOT_CLASS = YES_ERROR;
				CLANG_WARN_QUOTED_INCLUDE_IN_FRAMEWORK_HEADER = YES;
				CLANG_WARN_RANGE_LOOP_ANALYSIS = YES;
				CLANG_WARN_STRICT_PROTOTYPES = YES;
				CLANG_WARN_SUSPICIOUS_MOVE = YES;
				CLANG_WARN_UNGUARDED_AVAILABILITY = YES_AGGRESSIVE;
				CLANG_WARN_UNREACHABLE_CODE = YES;
				CLANG_WARN__DUPLICATE_METHOD_MATCH = YES;
				COPY_PHASE_STRIP = NO;
				DEBUG_INFORMATION_FORMAT = dwarf;
				ENABLE_STRICT_OBJC_MSGSEND = YES;
				ENABLE_TESTABILITY = YES;
				GCC_C_LANGUAGE_STANDARD = gnu11;
				GCC_DYNAMIC_NO_PIC = NO;
				GCC_NO_COMMON_BLOCKS = YES;
				GCC_OPTIMIZATION_LEVEL = 0;
				GCC_PREPROCESSOR_DEFINITIONS = (
					"DEBUG=1",
					"$(inherited)",
				);
				GCC_WARN_64_TO_32_BIT_CONVERSION = YES;
				GCC_WARN_ABOUT_RETURN_TYPE = YES_ERROR;
				GCC_WARN_UNDECLARED_SELECTOR = YES;
				GCC_WARN_UNINITIALIZED_AUTOS = YES_AGGRESSIVE;
				GCC_WARN_UNUSED_FUNCTION = YES;
				GCC_WARN_UNUSED_VARIABLE = YES;
				IPHONEOS_DEPLOYMENT_TARGET = 15.2;
				MTL_ENABLE_DEBUG_INFO = INCLUDE_SOURCE;
				MTL_FAST_MATH = YES;
				ONLY_ACTIVE_ARCH = YES;
				SDKROOT = iphoneos;
				SWIFT_ACTIVE_COMPILATION_CONDITIONS = DEBUG;
				SWIFT_OPTIMIZATION_LEVEL = "-Onone";
			};
			name = Debug;
		};
		C79E4B4F27B7A0A900AF44BA /* Release */ = {
			isa = XCBuildConfiguration;
			buildSettings = {
				ALWAYS_SEARCH_USER_PATHS = NO;
				CLANG_ANALYZER_NONNULL = YES;
				CLANG_ANALYZER_NUMBER_OBJECT_CONVERSION = YES_AGGRESSIVE;
				CLANG_CXX_LANGUAGE_STANDARD = "gnu++17";
				CLANG_CXX_LIBRARY = "libc++";
				CLANG_ENABLE_MODULES = YES;
				CLANG_ENABLE_OBJC_ARC = YES;
				CLANG_ENABLE_OBJC_WEAK = YES;
				CLANG_WARN_BLOCK_CAPTURE_AUTORELEASING = YES;
				CLANG_WARN_BOOL_CONVERSION = YES;
				CLANG_WARN_COMMA = YES;
				CLANG_WARN_CONSTANT_CONVERSION = YES;
				CLANG_WARN_DEPRECATED_OBJC_IMPLEMENTATIONS = YES;
				CLANG_WARN_DIRECT_OBJC_ISA_USAGE = YES_ERROR;
				CLANG_WARN_DOCUMENTATION_COMMENTS = YES;
				CLANG_WARN_EMPTY_BODY = YES;
				CLANG_WARN_ENUM_CONVERSION = YES;
				CLANG_WARN_INFINITE_RECURSION = YES;
				CLANG_WARN_INT_CONVERSION = YES;
				CLANG_WARN_NON_LITERAL_NULL_CONVERSION = YES;
				CLANG_WARN_OBJC_IMPLICIT_RETAIN_SELF = YES;
				CLANG_WARN_OBJC_LITERAL_CONVERSION = YES;
				CLANG_WARN_OBJC_ROOT_CLASS = YES_ERROR;
				CLANG_WARN_QUOTED_INCLUDE_IN_FRAMEWORK_HEADER = YES;
				CLANG_WARN_RANGE_LOOP_ANALYSIS = YES;
				CLANG_WARN_STRICT_PROTOTYPES = YES;
				CLANG_WARN_SUSPICIOUS_MOVE = YES;
				CLANG_WARN_UNGUARDED_AVAILABILITY = YES_AGGRESSIVE;
				CLANG_WARN_UNREACHABLE_CODE = YES;
				CLANG_WARN__DUPLICATE_METHOD_MATCH = YES;
				COPY_PHASE_STRIP = NO;
				DEBUG_INFORMATION_FORMAT = "dwarf-with-dsym";
				ENABLE_NS_ASSERTIONS = NO;
				ENABLE_STRICT_OBJC_MSGSEND = YES;
				GCC_C_LANGUAGE_STANDARD = gnu11;
				GCC_NO_COMMON_BLOCKS = YES;
				GCC_WARN_64_TO_32_BIT_CONVERSION = YES;
				GCC_WARN_ABOUT_RETURN_TYPE = YES_ERROR;
				GCC_WARN_UNDECLARED_SELECTOR = YES;
				GCC_WARN_UNINITIALIZED_AUTOS = YES_AGGRESSIVE;
				GCC_WARN_UNUSED_FUNCTION = YES;
				GCC_WARN_UNUSED_VARIABLE = YES;
				IPHONEOS_DEPLOYMENT_TARGET = 15.2;
				MTL_ENABLE_DEBUG_INFO = NO;
				MTL_FAST_MATH = YES;
				SDKROOT = iphoneos;
				SWIFT_COMPILATION_MODE = wholemodule;
				SWIFT_OPTIMIZATION_LEVEL = "-O";
				VALIDATE_PRODUCT = YES;
			};
			name = Release;
		};
		C79E4B5127B7A0A900AF44BA /* Debug */ = {
			isa = XCBuildConfiguration;
			buildSettings = {
				ASSETCATALOG_COMPILER_APPICON_NAME = AppIcon;
				ASSETCATALOG_COMPILER_GLOBAL_ACCENT_COLOR_NAME = AccentColor;
				CODE_SIGN_STYLE = Automatic;
				CURRENT_PROJECT_VERSION = 1;
				GENERATE_INFOPLIST_FILE = YES;
				INFOPLIST_FILE = "04-MilestoneProject/Info.plist";
				INFOPLIST_KEY_UIApplicationSupportsIndirectInputEvents = YES;
				INFOPLIST_KEY_UILaunchStoryboardName = LaunchScreen;
				INFOPLIST_KEY_UIMainStoryboardFile = Main;
				INFOPLIST_KEY_UISupportedInterfaceOrientations_iPad = "UIInterfaceOrientationPortrait UIInterfaceOrientationPortraitUpsideDown UIInterfaceOrientationLandscapeLeft UIInterfaceOrientationLandscapeRight";
				INFOPLIST_KEY_UISupportedInterfaceOrientations_iPhone = "UIInterfaceOrientationPortrait UIInterfaceOrientationLandscapeLeft UIInterfaceOrientationLandscapeRight";
				LD_RUNPATH_SEARCH_PATHS = (
					"$(inherited)",
					"@executable_path/Frameworks",
				);
				MARKETING_VERSION = 1.0;
				PRODUCT_BUNDLE_IDENTIFIER = "com.isifip.-4-MilestoneProject";
				PRODUCT_NAME = "$(TARGET_NAME)";
				SWIFT_EMIT_LOC_STRINGS = YES;
				SWIFT_VERSION = 5.0;
				TARGETED_DEVICE_FAMILY = "1,2";
			};
			name = Debug;
		};
		C79E4B5227B7A0A900AF44BA /* Release */ = {
			isa = XCBuildConfiguration;
			buildSettings = {
				ASSETCATALOG_COMPILER_APPICON_NAME = AppIcon;
				ASSETCATALOG_COMPILER_GLOBAL_ACCENT_COLOR_NAME = AccentColor;
				CODE_SIGN_STYLE = Automatic;
				CURRENT_PROJECT_VERSION = 1;
				GENERATE_INFOPLIST_FILE = YES;
				INFOPLIST_FILE = "04-MilestoneProject/Info.plist";
				INFOPLIST_KEY_UIApplicationSupportsIndirectInputEvents = YES;
				INFOPLIST_KEY_UILaunchStoryboardName = LaunchScreen;
				INFOPLIST_KEY_UIMainStoryboardFile = Main;
				INFOPLIST_KEY_UISupportedInterfaceOrientations_iPad = "UIInterfaceOrientationPortrait UIInterfaceOrientationPortraitUpsideDown UIInterfaceOrientationLandscapeLeft UIInterfaceOrientationLandscapeRight";
				INFOPLIST_KEY_UISupportedInterfaceOrientations_iPhone = "UIInterfaceOrientationPortrait UIInterfaceOrientationLandscapeLeft UIInterfaceOrientationLandscapeRight";
				LD_RUNPATH_SEARCH_PATHS = (
					"$(inherited)",
					"@executable_path/Frameworks",
				);
				MARKETING_VERSION = 1.0;
				PRODUCT_BUNDLE_IDENTIFIER = "com.isifip.-4-MilestoneProject";
				PRODUCT_NAME = "$(TARGET_NAME)";
				SWIFT_EMIT_LOC_STRINGS = YES;
				SWIFT_VERSION = 5.0;
				TARGETED_DEVICE_FAMILY = "1,2";
			};
			name = Release;
		};
/* End XCBuildConfiguration section */

/* Begin XCConfigurationList section */
		C79E4B3727B7A0A800AF44BA /* Build configuration list for PBXProject "04-MilestoneProject" */ = {
			isa = XCConfigurationList;
			buildConfigurations = (
				C79E4B4E27B7A0A900AF44BA /* Debug */,
				C79E4B4F27B7A0A900AF44BA /* Release */,
			);
			defaultConfigurationIsVisible = 0;
			defaultConfigurationName = Release;
		};
		C79E4B5027B7A0A900AF44BA /* Build configuration list for PBXNativeTarget "04-MilestoneProject" */ = {
			isa = XCConfigurationList;
			buildConfigurations = (
				C79E4B5127B7A0A900AF44BA /* Debug */,
				C79E4B5227B7A0A900AF44BA /* Release */,
			);
			defaultConfigurationIsVisible = 0;
			defaultConfigurationName = Release;
		};
/* End XCConfigurationList section */
	};
	rootObject = C79E4B3427B7A0A800AF44BA /* Project object */;
}
